
Microsoft Visual Studio Solution File, Format Version 12.00
# Visual Studio Version 17
VisualStudioVersion = 17.0.31912.275
MinimumVisualStudioVersion = 10.0.40219.1
Project("{9A19103F-16F7-4668-BE54-9A1E7A4F7556}") = "1", "1\1.csproj", "{04676D11-352A-4B7D-874B-DE98623191DA}"
EndProject
Project("{9A19103F-16F7-4668-BE54-9A1E7A4F7556}") = "2", "2\2.csproj", "{70DA4D75-0FE2-419F-9A36-033E0E41ADD7}"
EndProject
Project("{9A19103F-16F7-4668-BE54-9A1E7A4F7556}") = "3", "3\3.csproj", "{BE9E3653-4A90-4D2A-AF19-97BB463D345E}"
EndProject
Project("{9A19103F-16F7-4668-BE54-9A1E7A4F7556}") = "4", "4\4.csproj", "{253FBD5F-123A-4F0C-B454-A4EA4F851D66}"
EndProject
Project("{9A19103F-16F7-4668-BE54-9A1E7A4F7556}") = "5", "5\5.csproj", "{F431E8CC-0A90-4186-A139-6BA675CC30F0}"
EndProject
Project("{9A19103F-16F7-4668-BE54-9A1E7A4F7556}") = "Common", "Common\Common.csproj", "{592632FE-BB7C-4071-868D-27049FC86353}"
EndProject
Project("{9A19103F-16F7-4668-BE54-9A1E7A4F7556}") = "6", "6\6.csproj", "{2D435827-147E-47B5-A93B-C51C96D86EEE}"
EndProject
Project("{9A19103F-16F7-4668-BE54-9A1E7A4F7556}") = "7", "7\7.csproj", "{54BDA903-BE09-4332-92CA-BB9FC68E6166}"
EndProject
Project("{9A19103F-16F7-4668-BE54-9A1E7A4F7556}") = "8", "8\8.csproj", "{F1EE3F90-4C7E-41F9-AC42-3F462F6862AC}"
EndProject
Project("{9A19103F-16F7-4668-BE54-9A1E7A4F7556}") = "9", "9\9.csproj", "{4149E16D-2940-4864-A644-6C7A45D58A00}"
EndProject
Project("{9A19103F-16F7-4668-BE54-9A1E7A4F7556}") = "10", "10\10.csproj", "{564BDE38-FFEA-440A-A347-EAB785AAC491}"
EndProject
Project("{9A19103F-16F7-4668-BE54-9A1E7A4F7556}") = "11", "11\11.csproj", "{9053B230-2FA3-4E53-903E-434963E37FC4}"
EndProject
Project("{9A19103F-16F7-4668-BE54-9A1E7A4F7556}") = "12", "12\12.csproj", "{88EABCE6-E460-418D-B5F7-E281B775C190}"
EndProject
Project("{9A19103F-16F7-4668-BE54-9A1E7A4F7556}") = "13", "13\13.csproj", "{3A364906-DB9F-4304-9D40-26EEA42EDED5}"
EndProject
Project("{9A19103F-16F7-4668-BE54-9A1E7A4F7556}") = "14", "14\14.csproj", "{A74151BC-7C2C-49D2-B1A6-D625FF76DD66}"
EndProject
Project("{9A19103F-16F7-4668-BE54-9A1E7A4F7556}") = "15", "15\15.csproj", "{C2F3C97E-08F6-4371-8857-6385C652CB4A}"
EndProject
Project("{9A19103F-16F7-4668-BE54-9A1E7A4F7556}") = "16", "16\16.csproj", "{56935022-452F-4AD2-95AD-DF84A6331735}"
EndProject
Project("{9A19103F-16F7-4668-BE54-9A1E7A4F7556}") = "17", "17\17.csproj", "{ABF6F065-C1E3-4220-B6DC-84C97E476F54}"
EndProject
Project("{9A19103F-16F7-4668-BE54-9A1E7A4F7556}") = "18", "18\18.csproj", "{E3B0E82B-8468-40D0-A85D-01C4FDDAF22D}"
EndProject
Project("{9A19103F-16F7-4668-BE54-9A1E7A4F7556}") = "19", "19\19.csproj", "{9E71D259-5538-413C-A829-3670185325A6}"
EndProject
Project("{FAE04EC0-301F-11D3-BF4B-00C04F79EFBC}") = "20", "20\20.csproj", "{2DBE92DE-6A7A-45B8-AEA8-BDC208079F01}"
EndProject
Global
	GlobalSection(SolutionConfigurationPlatforms) = preSolution
		Debug|Any CPU = Debug|Any CPU
		Release|Any CPU = Release|Any CPU
	EndGlobalSection
	GlobalSection(ProjectConfigurationPlatforms) = postSolution
		{04676D11-352A-4B7D-874B-DE98623191DA}.Debug|Any CPU.ActiveCfg = Debug|Any CPU
		{04676D11-352A-4B7D-874B-DE98623191DA}.Debug|Any CPU.Build.0 = Debug|Any CPU
		{04676D11-352A-4B7D-874B-DE98623191DA}.Release|Any CPU.ActiveCfg = Release|Any CPU
		{04676D11-352A-4B7D-874B-DE98623191DA}.Release|Any CPU.Build.0 = Release|Any CPU
		{70DA4D75-0FE2-419F-9A36-033E0E41ADD7}.Debug|Any CPU.ActiveCfg = Debug|Any CPU
		{70DA4D75-0FE2-419F-9A36-033E0E41ADD7}.Debug|Any CPU.Build.0 = Debug|Any CPU
		{70DA4D75-0FE2-419F-9A36-033E0E41ADD7}.Release|Any CPU.ActiveCfg = Release|Any CPU
		{70DA4D75-0FE2-419F-9A36-033E0E41ADD7}.Release|Any CPU.Build.0 = Release|Any CPU
		{BE9E3653-4A90-4D2A-AF19-97BB463D345E}.Debug|Any CPU.ActiveCfg = Debug|Any CPU
		{BE9E3653-4A90-4D2A-AF19-97BB463D345E}.Debug|Any CPU.Build.0 = Debug|Any CPU
		{BE9E3653-4A90-4D2A-AF19-97BB463D345E}.Release|Any CPU.ActiveCfg = Release|Any CPU
		{BE9E3653-4A90-4D2A-AF19-97BB463D345E}.Release|Any CPU.Build.0 = Release|Any CPU
		{253FBD5F-123A-4F0C-B454-A4EA4F851D66}.Debug|Any CPU.ActiveCfg = Debug|Any CPU
		{253FBD5F-123A-4F0C-B454-A4EA4F851D66}.Debug|Any CPU.Build.0 = Debug|Any CPU
		{253FBD5F-123A-4F0C-B454-A4EA4F851D66}.Release|Any CPU.ActiveCfg = Release|Any CPU
		{253FBD5F-123A-4F0C-B454-A4EA4F851D66}.Release|Any CPU.Build.0 = Release|Any CPU
		{F431E8CC-0A90-4186-A139-6BA675CC30F0}.Debug|Any CPU.ActiveCfg = Debug|Any CPU
		{F431E8CC-0A90-4186-A139-6BA675CC30F0}.Debug|Any CPU.Build.0 = Debug|Any CPU
		{F431E8CC-0A90-4186-A139-6BA675CC30F0}.Release|Any CPU.ActiveCfg = Release|Any CPU
		{F431E8CC-0A90-4186-A139-6BA675CC30F0}.Release|Any CPU.Build.0 = Release|Any CPU
		{592632FE-BB7C-4071-868D-27049FC86353}.Debug|Any CPU.ActiveCfg = Debug|Any CPU
		{592632FE-BB7C-4071-868D-27049FC86353}.Debug|Any CPU.Build.0 = Debug|Any CPU
		{592632FE-BB7C-4071-868D-27049FC86353}.Release|Any CPU.ActiveCfg = Release|Any CPU
		{592632FE-BB7C-4071-868D-27049FC86353}.Release|Any CPU.Build.0 = Release|Any CPU
		{2D435827-147E-47B5-A93B-C51C96D86EEE}.Debug|Any CPU.ActiveCfg = Debug|Any CPU
		{2D435827-147E-47B5-A93B-C51C96D86EEE}.Debug|Any CPU.Build.0 = Debug|Any CPU
		{2D435827-147E-47B5-A93B-C51C96D86EEE}.Release|Any CPU.ActiveCfg = Release|Any CPU
		{2D435827-147E-47B5-A93B-C51C96D86EEE}.Release|Any CPU.Build.0 = Release|Any CPU
		{54BDA903-BE09-4332-92CA-BB9FC68E6166}.Debug|Any CPU.ActiveCfg = Debug|Any CPU
		{54BDA903-BE09-4332-92CA-BB9FC68E6166}.Debug|Any CPU.Build.0 = Debug|Any CPU
		{54BDA903-BE09-4332-92CA-BB9FC68E6166}.Release|Any CPU.ActiveCfg = Release|Any CPU
		{54BDA903-BE09-4332-92CA-BB9FC68E6166}.Release|Any CPU.Build.0 = Release|Any CPU
		{F1EE3F90-4C7E-41F9-AC42-3F462F6862AC}.Debug|Any CPU.ActiveCfg = Debug|Any CPU
		{F1EE3F90-4C7E-41F9-AC42-3F462F6862AC}.Debug|Any CPU.Build.0 = Debug|Any CPU
		{F1EE3F90-4C7E-41F9-AC42-3F462F6862AC}.Release|Any CPU.ActiveCfg = Release|Any CPU
		{F1EE3F90-4C7E-41F9-AC42-3F462F6862AC}.Release|Any CPU.Build.0 = Release|Any CPU
		{4149E16D-2940-4864-A644-6C7A45D58A00}.Debug|Any CPU.ActiveCfg = Debug|Any CPU
		{4149E16D-2940-4864-A644-6C7A45D58A00}.Debug|Any CPU.Build.0 = Debug|Any CPU
		{4149E16D-2940-4864-A644-6C7A45D58A00}.Release|Any CPU.ActiveCfg = Release|Any CPU
		{4149E16D-2940-4864-A644-6C7A45D58A00}.Release|Any CPU.Build.0 = Release|Any CPU
		{564BDE38-FFEA-440A-A347-EAB785AAC491}.Debug|Any CPU.ActiveCfg = Debug|Any CPU
		{564BDE38-FFEA-440A-A347-EAB785AAC491}.Debug|Any CPU.Build.0 = Debug|Any CPU
		{564BDE38-FFEA-440A-A347-EAB785AAC491}.Release|Any CPU.ActiveCfg = Release|Any CPU
		{564BDE38-FFEA-440A-A347-EAB785AAC491}.Release|Any CPU.Build.0 = Release|Any CPU
		{9053B230-2FA3-4E53-903E-434963E37FC4}.Debug|Any CPU.ActiveCfg = Debug|Any CPU
		{9053B230-2FA3-4E53-903E-434963E37FC4}.Debug|Any CPU.Build.0 = Debug|Any CPU
		{9053B230-2FA3-4E53-903E-434963E37FC4}.Release|Any CPU.ActiveCfg = Release|Any CPU
		{9053B230-2FA3-4E53-903E-434963E37FC4}.Release|Any CPU.Build.0 = Release|Any CPU
		{88EABCE6-E460-418D-B5F7-E281B775C190}.Debug|Any CPU.ActiveCfg = Debug|Any CPU
		{88EABCE6-E460-418D-B5F7-E281B775C190}.Debug|Any CPU.Build.0 = Debug|Any CPU
		{88EABCE6-E460-418D-B5F7-E281B775C190}.Release|Any CPU.ActiveCfg = Release|Any CPU
		{88EABCE6-E460-418D-B5F7-E281B775C190}.Release|Any CPU.Build.0 = Release|Any CPU
		{3A364906-DB9F-4304-9D40-26EEA42EDED5}.Debug|Any CPU.ActiveCfg = Debug|Any CPU
		{3A364906-DB9F-4304-9D40-26EEA42EDED5}.Debug|Any CPU.Build.0 = Debug|Any CPU
		{3A364906-DB9F-4304-9D40-26EEA42EDED5}.Release|Any CPU.ActiveCfg = Release|Any CPU
		{3A364906-DB9F-4304-9D40-26EEA42EDED5}.Release|Any CPU.Build.0 = Release|Any CPU
		{A74151BC-7C2C-49D2-B1A6-D625FF76DD66}.Debug|Any CPU.ActiveCfg = Debug|Any CPU
		{A74151BC-7C2C-49D2-B1A6-D625FF76DD66}.Debug|Any CPU.Build.0 = Debug|Any CPU
		{A74151BC-7C2C-49D2-B1A6-D625FF76DD66}.Release|Any CPU.ActiveCfg = Release|Any CPU
		{A74151BC-7C2C-49D2-B1A6-D625FF76DD66}.Release|Any CPU.Build.0 = Release|Any CPU
		{C2F3C97E-08F6-4371-8857-6385C652CB4A}.Debug|Any CPU.ActiveCfg = Debug|Any CPU
		{C2F3C97E-08F6-4371-8857-6385C652CB4A}.Debug|Any CPU.Build.0 = Debug|Any CPU
		{C2F3C97E-08F6-4371-8857-6385C652CB4A}.Release|Any CPU.ActiveCfg = Release|Any CPU
		{C2F3C97E-08F6-4371-8857-6385C652CB4A}.Release|Any CPU.Build.0 = Release|Any CPU
		{56935022-452F-4AD2-95AD-DF84A6331735}.Debug|Any CPU.ActiveCfg = Debug|Any CPU
		{56935022-452F-4AD2-95AD-DF84A6331735}.Debug|Any CPU.Build.0 = Debug|Any CPU
		{56935022-452F-4AD2-95AD-DF84A6331735}.Release|Any CPU.ActiveCfg = Release|Any CPU
		{56935022-452F-4AD2-95AD-DF84A6331735}.Release|Any CPU.Build.0 = Release|Any CPU
		{ABF6F065-C1E3-4220-B6DC-84C97E476F54}.Debug|Any CPU.ActiveCfg = Debug|Any CPU
		{ABF6F065-C1E3-4220-B6DC-84C97E476F54}.Debug|Any CPU.Build.0 = Debug|Any CPU
		{ABF6F065-C1E3-4220-B6DC-84C97E476F54}.Release|Any CPU.ActiveCfg = Release|Any CPU
		{ABF6F065-C1E3-4220-B6DC-84C97E476F54}.Release|Any CPU.Build.0 = Release|Any CPU
		{E3B0E82B-8468-40D0-A85D-01C4FDDAF22D}.Debug|Any CPU.ActiveCfg = Debug|Any CPU
		{E3B0E82B-8468-40D0-A85D-01C4FDDAF22D}.Debug|Any CPU.Build.0 = Debug|Any CPU
		{E3B0E82B-8468-40D0-A85D-01C4FDDAF22D}.Release|Any CPU.ActiveCfg = Release|Any CPU
		{E3B0E82B-8468-40D0-A85D-01C4FDDAF22D}.Release|Any CPU.Build.0 = Release|Any CPU
		{9E71D259-5538-413C-A829-3670185325A6}.Debug|Any CPU.ActiveCfg = Debug|Any CPU
		{9E71D259-5538-413C-A829-3670185325A6}.Debug|Any CPU.Build.0 = Debug|Any CPU
		{9E71D259-5538-413C-A829-3670185325A6}.Release|Any CPU.ActiveCfg = Release|Any CPU
		{9E71D259-5538-413C-A829-3670185325A6}.Release|Any CPU.Build.0 = Release|Any CPU
		{2DBE92DE-6A7A-45B8-AEA8-BDC208079F01}.Debug|Any CPU.ActiveCfg = Debug|Any CPU
		{2DBE92DE-6A7A-45B8-AEA8-BDC208079F01}.Debug|Any CPU.Build.0 = Debug|Any CPU
		{2DBE92DE-6A7A-45B8-AEA8-BDC208079F01}.Release|Any CPU.ActiveCfg = Release|Any CPU
		{2DBE92DE-6A7A-45B8-AEA8-BDC208079F01}.Release|Any CPU.Build.0 = Release|Any CPU
	EndGlobalSection
	GlobalSection(SolutionProperties) = preSolution
		HideSolutionNode = FALSE
	EndGlobalSection
	GlobalSection(ExtensibilityGlobals) = postSolution
		SolutionGuid = {315D988E-2AAA-4977-93FA-3F534F255089}
	EndGlobalSection
EndGlobal
